
Microsoft Visual Studio Solution File, Format Version 12.00
# Visual Studio Version 17
VisualStudioVersion = 17.0.31903.59
MinimumVisualStudioVersion = 10.0.40219.1
Project("{2150E333-8FDC-42A3-9474-1A3956D46DE8}") = "src", "src", "{827E0CD3-B72D-47B6-A68D-7590B98EB39B}"
EndProject
Project("{FAE04EC0-301F-11D3-BF4B-00C04F79EFBC}") = "Pulse.App", "src\Pulse.App\Pulse.App.csproj", "{2C1DC65C-D5C6-4050-AF25-18C85D25630A}"
EndProject
Project("{FAE04EC0-301F-11D3-BF4B-00C04F79EFBC}") = "Pulse.Core", "src\Pulse.Core\Pulse.Core.csproj", "{AE2DD8B7-F4AC-46E4-9CF8-4F37FA86E822}"
EndProject
Project("{FAE04EC0-301F-11D3-BF4B-00C04F79EFBC}") = "Pulse.Hardware", "src\Pulse.Hardware\Pulse.Hardware.csproj", "{FA95034D-11E2-45A7-BD36-1714D199B88E}"
EndProject
Project("{FAE04EC0-301F-11D3-BF4B-00C04F79EFBC}") = "Pulse.Logitech", "src\Pulse.Logitech\Pulse.Logitech.csproj", "{F8F5EFD9-FE43-486C-8485-79C2C95C1D84}"
EndProject
Project("{FAE04EC0-301F-11D3-BF4B-00C04F79EFBC}") = "Pulse.Rgb", "src\Pulse.Rgb\Pulse.Rgb.csproj", "{368E4151-11B8-4512-AC0A-E055F1746948}"
EndProject
Project("{FAE04EC0-301F-11D3-BF4B-00C04F79EFBC}") = "Pulse.Windows", "src\Pulse.Windows\Pulse.Windows.csproj", "{1897064B-3C62-439A-B1D8-38ED61D0CA1D}"
EndProject
Project("{FAE04EC0-301F-11D3-BF4B-00C04F79EFBC}") = "Pulse.Asus", "src\Pulse.Asus\Pulse.Asus.csproj", "{9193E65B-FEC2-4BC1-A212-F954142B76E2}"
EndProject
Global
	GlobalSection(SolutionConfigurationPlatforms) = preSolution
		Debug|Any CPU = Debug|Any CPU
		Debug|x64 = Debug|x64
		Debug|x86 = Debug|x86
		Release|Any CPU = Release|Any CPU
		Release|x64 = Release|x64
		Release|x86 = Release|x86
	EndGlobalSection
	GlobalSection(ProjectConfigurationPlatforms) = postSolution
		{2C1DC65C-D5C6-4050-AF25-18C85D25630A}.Debug|Any CPU.ActiveCfg = Debug|Any CPU
		{2C1DC65C-D5C6-4050-AF25-18C85D25630A}.Debug|Any CPU.Build.0 = Debug|Any CPU
		{2C1DC65C-D5C6-4050-AF25-18C85D25630A}.Debug|x64.ActiveCfg = Debug|Any CPU
		{2C1DC65C-D5C6-4050-AF25-18C85D25630A}.Debug|x64.Build.0 = Debug|Any CPU
		{2C1DC65C-D5C6-4050-AF25-18C85D25630A}.Debug|x86.ActiveCfg = Debug|Any CPU
		{2C1DC65C-D5C6-4050-AF25-18C85D25630A}.Debug|x86.Build.0 = Debug|Any CPU
		{2C1DC65C-D5C6-4050-AF25-18C85D25630A}.Release|Any CPU.ActiveCfg = Release|Any CPU
		{2C1DC65C-D5C6-4050-AF25-18C85D25630A}.Release|Any CPU.Build.0 = Release|Any CPU
		{2C1DC65C-D5C6-4050-AF25-18C85D25630A}.Release|x64.ActiveCfg = Release|Any CPU
		{2C1DC65C-D5C6-4050-AF25-18C85D25630A}.Release|x64.Build.0 = Release|Any CPU
		{2C1DC65C-D5C6-4050-AF25-18C85D25630A}.Release|x86.ActiveCfg = Release|Any CPU
		{2C1DC65C-D5C6-4050-AF25-18C85D25630A}.Release|x86.Build.0 = Release|Any CPU
		{AE2DD8B7-F4AC-46E4-9CF8-4F37FA86E822}.Debug|Any CPU.ActiveCfg = Debug|Any CPU
		{AE2DD8B7-F4AC-46E4-9CF8-4F37FA86E822}.Debug|Any CPU.Build.0 = Debug|Any CPU
		{AE2DD8B7-F4AC-46E4-9CF8-4F37FA86E822}.Debug|x64.ActiveCfg = Debug|Any CPU
		{AE2DD8B7-F4AC-46E4-9CF8-4F37FA86E822}.Debug|x64.Build.0 = Debug|Any CPU
		{AE2DD8B7-F4AC-46E4-9CF8-4F37FA86E822}.Debug|x86.ActiveCfg = Debug|Any CPU
		{AE2DD8B7-F4AC-46E4-9CF8-4F37FA86E822}.Debug|x86.Build.0 = Debug|Any CPU
		{AE2DD8B7-F4AC-46E4-9CF8-4F37FA86E822}.Release|Any CPU.ActiveCfg = Release|Any CPU
		{AE2DD8B7-F4AC-46E4-9CF8-4F37FA86E822}.Release|Any CPU.Build.0 = Release|Any CPU
		{AE2DD8B7-F4AC-46E4-9CF8-4F37FA86E822}.Release|x64.ActiveCfg = Release|Any CPU
		{AE2DD8B7-F4AC-46E4-9CF8-4F37FA86E822}.Release|x64.Build.0 = Release|Any CPU
		{AE2DD8B7-F4AC-46E4-9CF8-4F37FA86E822}.Release|x86.ActiveCfg = Release|Any CPU
		{AE2DD8B7-F4AC-46E4-9CF8-4F37FA86E822}.Release|x86.Build.0 = Release|Any CPU
		{FA95034D-11E2-45A7-BD36-1714D199B88E}.Debug|Any CPU.ActiveCfg = Debug|Any CPU
		{FA95034D-11E2-45A7-BD36-1714D199B88E}.Debug|Any CPU.Build.0 = Debug|Any CPU
		{FA95034D-11E2-45A7-BD36-1714D199B88E}.Debug|x64.ActiveCfg = Debug|Any CPU
		{FA95034D-11E2-45A7-BD36-1714D199B88E}.Debug|x64.Build.0 = Debug|Any CPU
		{FA95034D-11E2-45A7-BD36-1714D199B88E}.Debug|x86.ActiveCfg = Debug|Any CPU
		{FA95034D-11E2-45A7-BD36-1714D199B88E}.Debug|x86.Build.0 = Debug|Any CPU
		{FA95034D-11E2-45A7-BD36-1714D199B88E}.Release|Any CPU.ActiveCfg = Release|Any CPU
		{FA95034D-11E2-45A7-BD36-1714D199B88E}.Release|Any CPU.Build.0 = Release|Any CPU
		{FA95034D-11E2-45A7-BD36-1714D199B88E}.Release|x64.ActiveCfg = Release|Any CPU
		{FA95034D-11E2-45A7-BD36-1714D199B88E}.Release|x64.Build.0 = Release|Any CPU
		{FA95034D-11E2-45A7-BD36-1714D199B88E}.Release|x86.ActiveCfg = Release|Any CPU
		{FA95034D-11E2-45A7-BD36-1714D199B88E}.Release|x86.Build.0 = Release|Any CPU
		{F8F5EFD9-FE43-486C-8485-79C2C95C1D84}.Debug|Any CPU.ActiveCfg = Debug|Any CPU
		{F8F5EFD9-FE43-486C-8485-79C2C95C1D84}.Debug|Any CPU.Build.0 = Debug|Any CPU
		{F8F5EFD9-FE43-486C-8485-79C2C95C1D84}.Debug|x64.ActiveCfg = Debug|Any CPU
		{F8F5EFD9-FE43-486C-8485-79C2C95C1D84}.Debug|x64.Build.0 = Debug|Any CPU
		{F8F5EFD9-FE43-486C-8485-79C2C95C1D84}.Debug|x86.ActiveCfg = Debug|Any CPU
		{F8F5EFD9-FE43-486C-8485-79C2C95C1D84}.Debug|x86.Build.0 = Debug|Any CPU
		{F8F5EFD9-FE43-486C-8485-79C2C95C1D84}.Release|Any CPU.ActiveCfg = Release|Any CPU
		{F8F5EFD9-FE43-486C-8485-79C2C95C1D84}.Release|Any CPU.Build.0 = Release|Any CPU
		{F8F5EFD9-FE43-486C-8485-79C2C95C1D84}.Release|x64.ActiveCfg = Release|Any CPU
		{F8F5EFD9-FE43-486C-8485-79C2C95C1D84}.Release|x64.Build.0 = Release|Any CPU
		{F8F5EFD9-FE43-486C-8485-79C2C95C1D84}.Release|x86.ActiveCfg = Release|Any CPU
		{F8F5EFD9-FE43-486C-8485-79C2C95C1D84}.Release|x86.Build.0 = Release|Any CPU
		{368E4151-11B8-4512-AC0A-E055F1746948}.Debug|Any CPU.ActiveCfg = Debug|Any CPU
		{368E4151-11B8-4512-AC0A-E055F1746948}.Debug|Any CPU.Build.0 = Debug|Any CPU
		{368E4151-11B8-4512-AC0A-E055F1746948}.Debug|x64.ActiveCfg = Debug|Any CPU
		{368E4151-11B8-4512-AC0A-E055F1746948}.Debug|x64.Build.0 = Debug|Any CPU
		{368E4151-11B8-4512-AC0A-E055F1746948}.Debug|x86.ActiveCfg = Debug|Any CPU
		{368E4151-11B8-4512-AC0A-E055F1746948}.Debug|x86.Build.0 = Debug|Any CPU
		{368E4151-11B8-4512-AC0A-E055F1746948}.Release|Any CPU.ActiveCfg = Release|Any CPU
		{368E4151-11B8-4512-AC0A-E055F1746948}.Release|Any CPU.Build.0 = Release|Any CPU
		{368E4151-11B8-4512-AC0A-E055F1746948}.Release|x64.ActiveCfg = Release|Any CPU
		{368E4151-11B8-4512-AC0A-E055F1746948}.Release|x64.Build.0 = Release|Any CPU
		{368E4151-11B8-4512-AC0A-E055F1746948}.Release|x86.ActiveCfg = Release|Any CPU
		{368E4151-11B8-4512-AC0A-E055F1746948}.Release|x86.Build.0 = Release|Any CPU
		{1897064B-3C62-439A-B1D8-38ED61D0CA1D}.Debug|Any CPU.ActiveCfg = Debug|Any CPU
		{1897064B-3C62-439A-B1D8-38ED61D0CA1D}.Debug|Any CPU.Build.0 = Debug|Any CPU
		{1897064B-3C62-439A-B1D8-38ED61D0CA1D}.Debug|x64.ActiveCfg = Debug|Any CPU
		{1897064B-3C62-439A-B1D8-38ED61D0CA1D}.Debug|x64.Build.0 = Debug|Any CPU
		{1897064B-3C62-439A-B1D8-38ED61D0CA1D}.Debug|x86.ActiveCfg = Debug|Any CPU
		{1897064B-3C62-439A-B1D8-38ED61D0CA1D}.Debug|x86.Build.0 = Debug|Any CPU
		{1897064B-3C62-439A-B1D8-38ED61D0CA1D}.Release|Any CPU.ActiveCfg = Release|Any CPU
		{1897064B-3C62-439A-B1D8-38ED61D0CA1D}.Release|Any CPU.Build.0 = Release|Any CPU
		{1897064B-3C62-439A-B1D8-38ED61D0CA1D}.Release|x64.ActiveCfg = Release|Any CPU
		{1897064B-3C62-439A-B1D8-38ED61D0CA1D}.Release|x64.Build.0 = Release|Any CPU
		{1897064B-3C62-439A-B1D8-38ED61D0CA1D}.Release|x86.ActiveCfg = Release|Any CPU
		{1897064B-3C62-439A-B1D8-38ED61D0CA1D}.Release|x86.Build.0 = Release|Any CPU
		{9193E65B-FEC2-4BC1-A212-F954142B76E2}.Debug|Any CPU.ActiveCfg = Debug|Any CPU
		{9193E65B-FEC2-4BC1-A212-F954142B76E2}.Debug|Any CPU.Build.0 = Debug|Any CPU
		{9193E65B-FEC2-4BC1-A212-F954142B76E2}.Debug|x64.ActiveCfg = Debug|Any CPU
		{9193E65B-FEC2-4BC1-A212-F954142B76E2}.Debug|x64.Build.0 = Debug|Any CPU
		{9193E65B-FEC2-4BC1-A212-F954142B76E2}.Debug|x86.ActiveCfg = Debug|Any CPU
		{9193E65B-FEC2-4BC1-A212-F954142B76E2}.Debug|x86.Build.0 = Debug|Any CPU
		{9193E65B-FEC2-4BC1-A212-F954142B76E2}.Release|Any CPU.ActiveCfg = Release|Any CPU
		{9193E65B-FEC2-4BC1-A212-F954142B76E2}.Release|Any CPU.Build.0 = Release|Any CPU
		{9193E65B-FEC2-4BC1-A212-F954142B76E2}.Release|x64.ActiveCfg = Release|Any CPU
		{9193E65B-FEC2-4BC1-A212-F954142B76E2}.Release|x64.Build.0 = Release|Any CPU
		{9193E65B-FEC2-4BC1-A212-F954142B76E2}.Release|x86.ActiveCfg = Release|Any CPU
		{9193E65B-FEC2-4BC1-A212-F954142B76E2}.Release|x86.Build.0 = Release|Any CPU
	EndGlobalSection
	GlobalSection(SolutionProperties) = preSolution
		HideSolutionNode = FALSE
	EndGlobalSection
	GlobalSection(NestedProjects) = preSolution
		{2C1DC65C-D5C6-4050-AF25-18C85D25630A} = {827E0CD3-B72D-47B6-A68D-7590B98EB39B}
		{AE2DD8B7-F4AC-46E4-9CF8-4F37FA86E822} = {827E0CD3-B72D-47B6-A68D-7590B98EB39B}
		{FA95034D-11E2-45A7-BD36-1714D199B88E} = {827E0CD3-B72D-47B6-A68D-7590B98EB39B}
		{F8F5EFD9-FE43-486C-8485-79C2C95C1D84} = {827E0CD3-B72D-47B6-A68D-7590B98EB39B}
		{368E4151-11B8-4512-AC0A-E055F1746948} = {827E0CD3-B72D-47B6-A68D-7590B98EB39B}
		{1897064B-3C62-439A-B1D8-38ED61D0CA1D} = {827E0CD3-B72D-47B6-A68D-7590B98EB39B}
		{9193E65B-FEC2-4BC1-A212-F954142B76E2} = {827E0CD3-B72D-47B6-A68D-7590B98EB39B}
	EndGlobalSection
EndGlobal
